Microsoft Visual Studio Solution File, Format Version 12.00
# Visual Studio 2012
Project("{FAE04EC0-301F-11D3-BF4B-00C04F79EFBC}") = "2D Fight Game", "2D Fight Game.csproj", "{FE8DA7C1-E117-4791-83D4-5AF81AF2423C}"
EndProject
Global
	GlobalSection(SolutionConfigurationPlatforms) = preSolution
	Debug|Any CPU = Debug|Any CPU
	Release|Any CPU = Release|Any CPU
	Tools|Any CPU = Tools|Any CPU
	EndGlobalSection
	GlobalSection(ProjectConfigurationPlatforms) = postSolution
		{FE8DA7C1-E117-4791-83D4-5AF81AF2423C}.Debug|Any CPU.ActiveCfg = Debug|Any CPU
		{FE8DA7C1-E117-4791-83D4-5AF81AF2423C}.Debug|Any CPU.Build.0 = Debug|Any CPU
		{FE8DA7C1-E117-4791-83D4-5AF81AF2423C}.Release|Any CPU.ActiveCfg = Release|Any CPU
		{FE8DA7C1-E117-4791-83D4-5AF81AF2423C}.Release|Any CPU.Build.0 = Release|Any CPU
		{FE8DA7C1-E117-4791-83D4-5AF81AF2423C}.Tools|Any CPU.ActiveCfg = Tools|Any CPU
		{FE8DA7C1-E117-4791-83D4-5AF81AF2423C}.Tools|Any CPU.Build.0 = Tools|Any CPU
	EndGlobalSection
EndGlobal
